
Microsoft Visual Studio Solution File, Format Version 12.00
# Visual Studio Version 17
VisualStudioVersion = 17.12.35527.113
MinimumVisualStudioVersion = 10.0.40219.1
Project("{9A19103F-16F7-4668-BE54-9A1E7A4F7556}") = "Lab10", "Lab10.csproj", "{AD97B326-12F8-4762-A670-462DCBC5A11E}"
EndProject
Project("{FAE04EC0-301F-11D3-BF4B-00C04F79EFBC}") = "Lab10Test", "..\Lab10Test\Lab10Test.csproj", "{85550AA9-DA5E-BD60-410D-03AD4FCFF877}"
EndProject
Project("{FAE04EC0-301F-11D3-BF4B-00C04F79EFBC}") = "Lab9", "..\Lab9\Lab9.csproj", "{FE99AFBB-6FED-496E-9900-A0A08702F5B0}"
EndProject
Global
	GlobalSection(SolutionConfigurationPlatforms) = preSolution
		Debug|Any CPU = Debug|Any CPU
		Release|Any CPU = Release|Any CPU
	EndGlobalSection
	GlobalSection(ProjectConfigurationPlatforms) = postSolution
		{AD97B326-12F8-4762-A670-462DCBC5A11E}.Debug|Any CPU.ActiveCfg = Debug|Any CPU
		{AD97B326-12F8-4762-A670-462DCBC5A11E}.Debug|Any CPU.Build.0 = Debug|Any CPU
		{AD97B326-12F8-4762-A670-462DCBC5A11E}.Release|Any CPU.ActiveCfg = Release|Any CPU
		{AD97B326-12F8-4762-A670-462DCBC5A11E}.Release|Any CPU.Build.0 = Release|Any CPU
		{85550AA9-DA5E-BD60-410D-03AD4FCFF877}.Debug|Any CPU.ActiveCfg = Debug|Any CPU
		{85550AA9-DA5E-BD60-410D-03AD4FCFF877}.Debug|Any CPU.Build.0 = Debug|Any CPU
		{85550AA9-DA5E-BD60-410D-03AD4FCFF877}.Release|Any CPU.ActiveCfg = Release|Any CPU
		{85550AA9-DA5E-BD60-410D-03AD4FCFF877}.Release|Any CPU.Build.0 = Release|Any CPU
		{FE99AFBB-6FED-496E-9900-A0A08702F5B0}.Debug|Any CPU.ActiveCfg = Debug|Any CPU
		{FE99AFBB-6FED-496E-9900-A0A08702F5B0}.Debug|Any CPU.Build.0 = Debug|Any CPU
		{FE99AFBB-6FED-496E-9900-A0A08702F5B0}.Release|Any CPU.ActiveCfg = Release|Any CPU
		{FE99AFBB-6FED-496E-9900-A0A08702F5B0}.Release|Any CPU.Build.0 = Release|Any CPU
	EndGlobalSection
	GlobalSection(SolutionProperties) = preSolution
		HideSolutionNode = FALSE
	EndGlobalSection
	GlobalSection(ExtensibilityGlobals) = postSolution
		SolutionGuid = {1F140E6D-F209-464F-9F9E-54E6C728C0E7}
	EndGlobalSection
EndGlobal
